// !$*UTF8*$!
{
	archiveVersion = 1;
	classes = {
	};
	objectVersion = 55;
	objects = {

/* Begin PBXBuildFile section */
		22309BB9272F156F00F30701 /* PizzaTableViewCell.swift in Sources */ = {isa = PBXBuildFile; fileRef = 22309BB7272F156F00F30701 /* PizzaTableViewCell.swift */; };
		22309BBA272F156F00F30701 /* PizzaTableViewCell.xib in Resources */ = {isa = PBXBuildFile; fileRef = 22309BB8272F156F00F30701 /* PizzaTableViewCell.xib */; };
		22309BC0272FD7BA00F30701 /* PriceCollectionViewCell.swift in Sources */ = {isa = PBXBuildFile; fileRef = 22309BBE272FD7BA00F30701 /* PriceCollectionViewCell.swift */; };
		22309BC1272FD7BA00F30701 /* PriceCollectionViewCell.xib in Resources */ = {isa = PBXBuildFile; fileRef = 22309BBF272FD7BA00F30701 /* PriceCollectionViewCell.xib */; };
		22309BC3272FF5FB00F30701 /* NSCache+Extension.swift in Sources */ = {isa = PBXBuildFile; fileRef = 22309BC2272FF5FB00F30701 /* NSCache+Extension.swift */; };
		227885062730019B000F89A6 /* DetailViewController.swift in Sources */ = {isa = PBXBuildFile; fileRef = 227885042730019B000F89A6 /* DetailViewController.swift */; };
		227885072730019B000F89A6 /* DetailViewController.xib in Resources */ = {isa = PBXBuildFile; fileRef = 227885052730019B000F89A6 /* DetailViewController.xib */; };
		2278850927306D1C000F89A6 /* UIImageView+Extension.swift in Sources */ = {isa = PBXBuildFile; fileRef = 2278850827306D1B000F89A6 /* UIImageView+Extension.swift */; };
		2278850E27310F56000F89A6 /* ItemTableViewCell.swift in Sources */ = {isa = PBXBuildFile; fileRef = 2278850C27310F56000F89A6 /* ItemTableViewCell.swift */; };
		2278850F27310F56000F89A6 /* ItemTableViewCell.xib in Resources */ = {isa = PBXBuildFile; fileRef = 2278850D27310F56000F89A6 /* ItemTableViewCell.xib */; };
		2278851527317C43000F89A6 /* ItemTableViewCellProtocol.swift in Sources */ = {isa = PBXBuildFile; fileRef = 2278851427317C43000F89A6 /* ItemTableViewCellProtocol.swift */; };
		2278851D273192A8000F89A6 /* PopupViewController.swift in Sources */ = {isa = PBXBuildFile; fileRef = 2278851B273192A8000F89A6 /* PopupViewController.swift */; };
		2278851E273192A8000F89A6 /* PopupViewController.xib in Resources */ = {isa = PBXBuildFile; fileRef = 2278851C273192A8000F89A6 /* PopupViewController.xib */; };
		2278852127325249000F89A6 /* Constants.swift in Sources */ = {isa = PBXBuildFile; fileRef = 2278852027325249000F89A6 /* Constants.swift */; };
		227885252732643A000F89A6 /* SummaryViewController.swift in Sources */ = {isa = PBXBuildFile; fileRef = 227885232732643A000F89A6 /* SummaryViewController.swift */; };
		227885262732643A000F89A6 /* SummaryViewController.xib in Resources */ = {isa = PBXBuildFile; fileRef = 227885242732643A000F89A6 /* SummaryViewController.xib */; };
		2278852927326FE2000F89A6 /* SettingsViewController.swift in Sources */ = {isa = PBXBuildFile; fileRef = 2278852827326FE2000F89A6 /* SettingsViewController.swift */; };
		2299EB6C273B4009004CF550 /* PizzaCartTableViewCell.swift in Sources */ = {isa = PBXBuildFile; fileRef = 2299EB6A273B4009004CF550 /* PizzaCartTableViewCell.swift */; };
		2299EB6D273B4009004CF550 /* PizzaCartTableViewCell.xib in Resources */ = {isa = PBXBuildFile; fileRef = 2299EB6B273B4009004CF550 /* PizzaCartTableViewCell.xib */; };
		2299EB71273B4978004CF550 /* PizzaCartItemTableViewCell.swift in Sources */ = {isa = PBXBuildFile; fileRef = 2299EB6F273B4978004CF550 /* PizzaCartItemTableViewCell.swift */; };
		2299EB72273B4978004CF550 /* PizzaCartItemTableViewCell.xib in Resources */ = {isa = PBXBuildFile; fileRef = 2299EB70273B4978004CF550 /* PizzaCartItemTableViewCell.xib */; };
		22B58B9A272ABD0B0018EFF4 /* AppDelegate.swift in Sources */ = {isa = PBXBuildFile; fileRef = 22B58B99272ABD0B0018EFF4 /* AppDelegate.swift */; };
		22B58B9C272ABD0B0018EFF4 /* SceneDelegate.swift in Sources */ = {isa = PBXBuildFile; fileRef = 22B58B9B272ABD0B0018EFF4 /* SceneDelegate.swift */; };
		22B58BA1272ABD0B0018EFF4 /* Main.storyboard in Resources */ = {isa = PBXBuildFile; fileRef = 22B58B9F272ABD0B0018EFF4 /* Main.storyboard */; };
		22B58BA3272ABD0E0018EFF4 /* Assets.xcassets in Resources */ = {isa = PBXBuildFile; fileRef = 22B58BA2272ABD0E0018EFF4 /* Assets.xcassets */; };
		22B58BA6272ABD0E0018EFF4 /* LaunchScreen.storyboard in Resources */ = {isa = PBXBuildFile; fileRef = 22B58BA4272ABD0E0018EFF4 /* LaunchScreen.storyboard */; };
		22B58BB1272ABD0F0018EFF4 /* TimJeffPizzaTests.swift in Sources */ = {isa = PBXBuildFile; fileRef = 22B58BB0272ABD0F0018EFF4 /* TimJeffPizzaTests.swift */; };
		22B58BBB272ABD0F0018EFF4 /* TimJeffPizzaUITests.swift in Sources */ = {isa = PBXBuildFile; fileRef = 22B58BBA272ABD0F0018EFF4 /* TimJeffPizzaUITests.swift */; };
		22B58BBD272ABD0F0018EFF4 /* TimJeffPizzaUITestsLaunchTests.swift in Sources */ = {isa = PBXBuildFile; fileRef = 22B58BBC272ABD0F0018EFF4 /* TimJeffPizzaUITestsLaunchTests.swift */; };
		22B58BD2272B22F00018EFF4 /* OnBoardingViewController.swift in Sources */ = {isa = PBXBuildFile; fileRef = 22B58BD1272B22F00018EFF4 /* OnBoardingViewController.swift */; };
		22B58BD4272B25A20018EFF4 /* UIView+Extension.swift in Sources */ = {isa = PBXBuildFile; fileRef = 22B58BD3272B25A20018EFF4 /* UIView+Extension.swift */; };
		22B58BD7272B27970018EFF4 /* MainTabBarController.swift in Sources */ = {isa = PBXBuildFile; fileRef = 22B58BD6272B27970018EFF4 /* MainTabBarController.swift */; };
		22B58BD9272B294B0018EFF4 /* HomeViewController.swift in Sources */ = {isa = PBXBuildFile; fileRef = 22B58BD8272B294B0018EFF4 /* HomeViewController.swift */; };
		22C1E992272BBF69003EE93C /* OnBoardingViewController+Extension.swift in Sources */ = {isa = PBXBuildFile; fileRef = 22C1E991272BBF69003EE93C /* OnBoardingViewController+Extension.swift */; };
		22C1E995272BC395003EE93C /* JeffPizzaListModel.swift in Sources */ = {isa = PBXBuildFile; fileRef = 22C1E994272BC395003EE93C /* JeffPizzaListModel.swift */; };
		22C1E997272BC457003EE93C /* PriceModel.swift in Sources */ = {isa = PBXBuildFile; fileRef = 22C1E996272BC457003EE93C /* PriceModel.swift */; };
		22C1E999272BCE96003EE93C /* NetworkService.swift in Sources */ = {isa = PBXBuildFile; fileRef = 22C1E998272BCE96003EE93C /* NetworkService.swift */; };
		22C1E99B272BD0AB003EE93C /* AppViewModel.swift in Sources */ = {isa = PBXBuildFile; fileRef = 22C1E99A272BD0AB003EE93C /* AppViewModel.swift */; };
		22C1E99D272BE150003EE93C /* NetworkServiceProtocol.swift in Sources */ = {isa = PBXBuildFile; fileRef = 22C1E99C272BE150003EE93C /* NetworkServiceProtocol.swift */; };
		22C1E99F272BE18B003EE93C /* ListOfPizzaProtocol.swift in Sources */ = {isa = PBXBuildFile; fileRef = 22C1E99E272BE18B003EE93C /* ListOfPizzaProtocol.swift */; };
		22C2FF2D273AC1BB00154760 /* CartList.xcdatamodeld in Sources */ = {isa = PBXBuildFile; fileRef = 22C2FF2B273AC1BB00154760 /* CartList.xcdatamodeld */; };
		22C2FF47273AC94600154760 /* CoreDatamanager.swift in Sources */ = {isa = PBXBuildFile; fileRef = 22C2FF46273AC94600154760 /* CoreDatamanager.swift */; };
		22C2FF4A273ACDDB00154760 /* CartListViewController.swift in Sources */ = {isa = PBXBuildFile; fileRef = 22C2FF48273ACDDB00154760 /* CartListViewController.swift */; };
		22C2FF4B273ACDDB00154760 /* CartListViewController.xib in Resources */ = {isa = PBXBuildFile; fileRef = 22C2FF49273ACDDB00154760 /* CartListViewController.xib */; };
		22C2FF5B273B084F00154760 /* CartPizzaQuantityList+CoreDataClass.swift in Sources */ = {isa = PBXBuildFile; fileRef = 22C2FF57273B084F00154760 /* CartPizzaQuantityList+CoreDataClass.swift */; };
		22C2FF5C273B084F00154760 /* CartPizzaQuantityList+CoreDataProperties.swift in Sources */ = {isa = PBXBuildFile; fileRef = 22C2FF58273B084F00154760 /* CartPizzaQuantityList+CoreDataProperties.swift */; };
		22C2FF5D273B084F00154760 /* CartPizzaList+CoreDataClass.swift in Sources */ = {isa = PBXBuildFile; fileRef = 22C2FF59273B084F00154760 /* CartPizzaList+CoreDataClass.swift */; };
		22C2FF5E273B084F00154760 /* CartPizzaList+CoreDataProperties.swift in Sources */ = {isa = PBXBuildFile; fileRef = 22C2FF5A273B084F00154760 /* CartPizzaList+CoreDataProperties.swift */; };
		22DF7101273BA49000307FC1 /* UIBarButtonItem+Extension.swift in Sources */ = {isa = PBXBuildFile; fileRef = 22DF7100273BA48F00307FC1 /* UIBarButtonItem+Extension.swift */; };
		22DF7104273BBF6800307FC1 /* Localizable.strings in Resources */ = {isa = PBXBuildFile; fileRef = 22DF7106273BBF6800307FC1 /* Localizable.strings */; };
/* End PBXBuildFile section */

/* Begin PBXContainerItemProxy section */
		22B58BAD272ABD0F0018EFF4 /* PBXContainerItemProxy */ = {
			isa = PBXContainerItemProxy;
			containerPortal = 22B58B8E272ABD0B0018EFF4 /* Project object */;
			proxyType = 1;
			remoteGlobalIDString = 22B58B95272ABD0B0018EFF4;
			remoteInfo = TimJeffPizza;
		};
		22B58BB7272ABD0F0018EFF4 /* PBXContainerItemProxy */ = {
			isa = PBXContainerItemProxy;
			containerPortal = 22B58B8E272ABD0B0018EFF4 /* Project object */;
			proxyType = 1;
			remoteGlobalIDString = 22B58B95272ABD0B0018EFF4;
			remoteInfo = TimJeffPizza;
		};
/* End PBXContainerItemProxy section */

/* Begin PBXFileReference section */
		22309BB7272F156F00F30701 /* PizzaTableViewCell.swift */ = {isa = PBXFileReference; lastKnownFileType = sourcecode.swift; path = PizzaTableViewCell.swift; sourceTree = "<group>"; };
		22309BB8272F156F00F30701 /* PizzaTableViewCell.xib */ = {isa = PBXFileReference; lastKnownFileType = file.xib; path = PizzaTableViewCell.xib; sourceTree = "<group>"; };
		22309BBE272FD7BA00F30701 /* PriceCollectionViewCell.swift */ = {isa = PBXFileReference; lastKnownFileType = sourcecode.swift; path = PriceCollectionViewCell.swift; sourceTree = "<group>"; };
		22309BBF272FD7BA00F30701 /* PriceCollectionViewCell.xib */ = {isa = PBXFileReference; lastKnownFileType = file.xib; path = PriceCollectionViewCell.xib; sourceTree = "<group>"; };
		22309BC2272FF5FB00F30701 /* NSCache+Extension.swift */ = {isa = PBXFileReference; lastKnownFileType = sourcecode.swift; path = "NSCache+Extension.swift"; sourceTree = "<group>"; };
		227885042730019B000F89A6 /* DetailViewController.swift */ = {isa = PBXFileReference; lastKnownFileType = sourcecode.swift; path = DetailViewController.swift; sourceTree = "<group>"; };
		227885052730019B000F89A6 /* DetailViewController.xib */ = {isa = PBXFileReference; lastKnownFileType = file.xib; path = DetailViewController.xib; sourceTree = "<group>"; };
		2278850827306D1B000F89A6 /* UIImageView+Extension.swift */ = {isa = PBXFileReference; lastKnownFileType = sourcecode.swift; path = "UIImageView+Extension.swift"; sourceTree = "<group>"; };
		2278850C27310F56000F89A6 /* ItemTableViewCell.swift */ = {isa = PBXFileReference; lastKnownFileType = sourcecode.swift; path = ItemTableViewCell.swift; sourceTree = "<group>"; };
		2278850D27310F56000F89A6 /* ItemTableViewCell.xib */ = {isa = PBXFileReference; lastKnownFileType = file.xib; path = ItemTableViewCell.xib; sourceTree = "<group>"; };
		2278851427317C43000F89A6 /* ItemTableViewCellProtocol.swift */ = {isa = PBXFileReference; lastKnownFileType = sourcecode.swift; path = ItemTableViewCellProtocol.swift; sourceTree = "<group>"; };
		2278851B273192A8000F89A6 /* PopupViewController.swift */ = {isa = PBXFileReference; lastKnownFileType = sourcecode.swift; path = PopupViewController.swift; sourceTree = "<group>"; };
		2278851C273192A8000F89A6 /* PopupViewController.xib */ = {isa = PBXFileReference; lastKnownFileType = file.xib; path = PopupViewController.xib; sourceTree = "<group>"; };
		2278852027325249000F89A6 /* Constants.swift */ = {isa = PBXFileReference; lastKnownFileType = sourcecode.swift; path = Constants.swift; sourceTree = "<group>"; };
		227885232732643A000F89A6 /* SummaryViewController.swift */ = {isa = PBXFileReference; lastKnownFileType = sourcecode.swift; path = SummaryViewController.swift; sourceTree = "<group>"; };
		227885242732643A000F89A6 /* SummaryViewController.xib */ = {isa = PBXFileReference; lastKnownFileType = file.xib; path = SummaryViewController.xib; sourceTree = "<group>"; };
		2278852827326FE2000F89A6 /* SettingsViewController.swift */ = {isa = PBXFileReference; lastKnownFileType = sourcecode.swift; path = SettingsViewController.swift; sourceTree = "<group>"; };
		2299EB6A273B4009004CF550 /* PizzaCartTableViewCell.swift */ = {isa = PBXFileReference; lastKnownFileType = sourcecode.swift; path = PizzaCartTableViewCell.swift; sourceTree = "<group>"; };
		2299EB6B273B4009004CF550 /* PizzaCartTableViewCell.xib */ = {isa = PBXFileReference; lastKnownFileType = file.xib; path = PizzaCartTableViewCell.xib; sourceTree = "<group>"; };
		2299EB6F273B4978004CF550 /* PizzaCartItemTableViewCell.swift */ = {isa = PBXFileReference; lastKnownFileType = sourcecode.swift; path = PizzaCartItemTableViewCell.swift; sourceTree = "<group>"; };
		2299EB70273B4978004CF550 /* PizzaCartItemTableViewCell.xib */ = {isa = PBXFileReference; lastKnownFileType = file.xib; path = PizzaCartItemTableViewCell.xib; sourceTree = "<group>"; };
		22B58B96272ABD0B0018EFF4 /* TimJeffPizza.app */ = {isa = PBXFileReference; explicitFileType = wrapper.application; includeInIndex = 0; path = TimJeffPizza.app; sourceTree = BUILT_PRODUCTS_DIR; };
		22B58B99272ABD0B0018EFF4 /* AppDelegate.swift */ = {isa = PBXFileReference; lastKnownFileType = sourcecode.swift; path = AppDelegate.swift; sourceTree = "<group>"; };
		22B58B9B272ABD0B0018EFF4 /* SceneDelegate.swift */ = {isa = PBXFileReference; lastKnownFileType = sourcecode.swift; path = SceneDelegate.swift; sourceTree = "<group>"; };
		22B58BA0272ABD0B0018EFF4 /* Base */ = {isa = PBXFileReference; lastKnownFileType = file.storyboard; name = Base; path = Base.lproj/Main.storyboard; sourceTree = "<group>"; };
		22B58BA2272ABD0E0018EFF4 /* Assets.xcassets */ = {isa = PBXFileReference; lastKnownFileType = folder.assetcatalog; path = Assets.xcassets; sourceTree = "<group>"; };
		22B58BA5272ABD0E0018EFF4 /* Base */ = {isa = PBXFileReference; lastKnownFileType = file.storyboard; name = Base; path = Base.lproj/LaunchScreen.storyboard; sourceTree = "<group>"; };
		22B58BA7272ABD0E0018EFF4 /* Info.plist */ = {isa = PBXFileReference; lastKnownFileType = text.plist.xml; path = Info.plist; sourceTree = "<group>"; };
		22B58BAC272ABD0F0018EFF4 /* TimJeffPizzaTests.xctest */ = {isa = PBXFileReference; explicitFileType = wrapper.cfbundle; includeInIndex = 0; path = TimJeffPizzaTests.xctest; sourceTree = BUILT_PRODUCTS_DIR; };
		22B58BB0272ABD0F0018EFF4 /* TimJeffPizzaTests.swift */ = {isa = PBXFileReference; lastKnownFileType = sourcecode.swift; path = TimJeffPizzaTests.swift; sourceTree = "<group>"; };
		22B58BB6272ABD0F0018EFF4 /* TimJeffPizzaUITests.xctest */ = {isa = PBXFileReference; explicitFileType = wrapper.cfbundle; includeInIndex = 0; path = TimJeffPizzaUITests.xctest; sourceTree = BUILT_PRODUCTS_DIR; };
		22B58BBA272ABD0F0018EFF4 /* TimJeffPizzaUITests.swift */ = {isa = PBXFileReference; lastKnownFileType = sourcecode.swift; path = TimJeffPizzaUITests.swift; sourceTree = "<group>"; };
		22B58BBC272ABD0F0018EFF4 /* TimJeffPizzaUITestsLaunchTests.swift */ = {isa = PBXFileReference; lastKnownFileType = sourcecode.swift; path = TimJeffPizzaUITestsLaunchTests.swift; sourceTree = "<group>"; };
		22B58BD1272B22F00018EFF4 /* OnBoardingViewController.swift */ = {isa = PBXFileReference; lastKnownFileType = sourcecode.swift; path = OnBoardingViewController.swift; sourceTree = "<group>"; };
		22B58BD3272B25A20018EFF4 /* UIView+Extension.swift */ = {isa = PBXFileReference; lastKnownFileType = sourcecode.swift; path = "UIView+Extension.swift"; sourceTree = "<group>"; };
		22B58BD6272B27970018EFF4 /* MainTabBarController.swift */ = {isa = PBXFileReference; lastKnownFileType = sourcecode.swift; path = MainTabBarController.swift; sourceTree = "<group>"; };
		22B58BD8272B294B0018EFF4 /* HomeViewController.swift */ = {isa = PBXFileReference; lastKnownFileType = sourcecode.swift; path = HomeViewController.swift; sourceTree = "<group>"; };
		22C1E991272BBF69003EE93C /* OnBoardingViewController+Extension.swift */ = {isa = PBXFileReference; lastKnownFileType = sourcecode.swift; path = "OnBoardingViewController+Extension.swift"; sourceTree = "<group>"; };
		22C1E994272BC395003EE93C /* JeffPizzaListModel.swift */ = {isa = PBXFileReference; lastKnownFileType = sourcecode.swift; path = JeffPizzaListModel.swift; sourceTree = "<group>"; };
		22C1E996272BC457003EE93C /* PriceModel.swift */ = {isa = PBXFileReference; lastKnownFileType = sourcecode.swift; path = PriceModel.swift; sourceTree = "<group>"; };
		22C1E998272BCE96003EE93C /* NetworkService.swift */ = {isa = PBXFileReference; lastKnownFileType = sourcecode.swift; path = NetworkService.swift; sourceTree = "<group>"; xcLanguageSpecificationIdentifier = xcode.lang.simpleColoring; };
		22C1E99A272BD0AB003EE93C /* AppViewModel.swift */ = {isa = PBXFileReference; lastKnownFileType = sourcecode.swift; path = AppViewModel.swift; sourceTree = "<group>"; };
		22C1E99C272BE150003EE93C /* NetworkServiceProtocol.swift */ = {isa = PBXFileReference; lastKnownFileType = sourcecode.swift; path = NetworkServiceProtocol.swift; sourceTree = "<group>"; };
		22C1E99E272BE18B003EE93C /* ListOfPizzaProtocol.swift */ = {isa = PBXFileReference; lastKnownFileType = sourcecode.swift; path = ListOfPizzaProtocol.swift; sourceTree = "<group>"; };
		22C2FF2C273AC1BB00154760 /* CartList.xcdatamodel */ = {isa = PBXFileReference; lastKnownFileType = wrapper.xcdatamodel; path = CartList.xcdatamodel; sourceTree = "<group>"; };
		22C2FF46273AC94600154760 /* CoreDatamanager.swift */ = {isa = PBXFileReference; lastKnownFileType = sourcecode.swift; path = CoreDatamanager.swift; sourceTree = "<group>"; };
		22C2FF48273ACDDB00154760 /* CartListViewController.swift */ = {isa = PBXFileReference; lastKnownFileType = sourcecode.swift; path = CartListViewController.swift; sourceTree = "<group>"; };
		22C2FF49273ACDDB00154760 /* CartListViewController.xib */ = {isa = PBXFileReference; lastKnownFileType = file.xib; path = CartListViewController.xib; sourceTree = "<group>"; };
		22C2FF57273B084F00154760 /* CartPizzaQuantityList+CoreDataClass.swift */ = {isa = PBXFileReference; lastKnownFileType = sourcecode.swift; path = "CartPizzaQuantityList+CoreDataClass.swift"; sourceTree = "<group>"; };
		22C2FF58273B084F00154760 /* CartPizzaQuantityList+CoreDataProperties.swift */ = {isa = PBXFileReference; lastKnownFileType = sourcecode.swift; path = "CartPizzaQuantityList+CoreDataProperties.swift"; sourceTree = "<group>"; };
		22C2FF59273B084F00154760 /* CartPizzaList+CoreDataClass.swift */ = {isa = PBXFileReference; lastKnownFileType = sourcecode.swift; path = "CartPizzaList+CoreDataClass.swift"; sourceTree = "<group>"; };
		22C2FF5A273B084F00154760 /* CartPizzaList+CoreDataProperties.swift */ = {isa = PBXFileReference; lastKnownFileType = sourcecode.swift; path = "CartPizzaList+CoreDataProperties.swift"; sourceTree = "<group>"; };
		22DF7100273BA48F00307FC1 /* UIBarButtonItem+Extension.swift */ = {isa = PBXFileReference; lastKnownFileType = sourcecode.swift; path = "UIBarButtonItem+Extension.swift"; sourceTree = "<group>"; };
		22DF7105273BBF6800307FC1 /* en */ = {isa = PBXFileReference; lastKnownFileType = text.plist.strings; name = en; path = en.lproj/Localizable.strings; sourceTree = "<group>"; };
		22DF7107273BBFC300307FC1 /* es */ = {isa = PBXFileReference; lastKnownFileType = text.plist.strings; name = es; path = es.lproj/Main.strings; sourceTree = "<group>"; };
		22DF7108273BBFC300307FC1 /* es */ = {isa = PBXFileReference; lastKnownFileType = text.plist.strings; name = es; path = es.lproj/LaunchScreen.strings; sourceTree = "<group>"; };
		22DF7109273BBFC300307FC1 /* es */ = {isa = PBXFileReference; lastKnownFileType = text.plist.strings; name = es; path = es.lproj/Localizable.strings; sourceTree = "<group>"; };
/* End PBXFileReference section */

/* Begin PBXFrameworksBuildPhase section */
		22B58B93272ABD0B0018EFF4 /* Frameworks */ = {
			isa = PBXFrameworksBuildPhase;
			buildActionMask = 2147483647;
			files = (
			);
			runOnlyForDeploymentPostprocessing = 0;
		};
		22B58BA9272ABD0F0018EFF4 /* Frameworks */ = {
			isa = PBXFrameworksBuildPhase;
			buildActionMask = 2147483647;
			files = (
			);
			runOnlyForDeploymentPostprocessing = 0;
		};
		22B58BB3272ABD0F0018EFF4 /* Frameworks */ = {
			isa = PBXFrameworksBuildPhase;
			buildActionMask = 2147483647;
			files = (
			);
			runOnlyForDeploymentPostprocessing = 0;
		};
/* End PBXFrameworksBuildPhase section */

/* Begin PBXGroup section */
		22309BB6272F151300F30701 /* Cells */ = {
			isa = PBXGroup;
			children = (
				22309BBD272FD78C00F30701 /* PriceCollectionViewCell */,
				22309BBB272F157800F30701 /* PizzaTableViewCell */,
				2278851027310F5D000F89A6 /* ItemTableViewCell */,
				2299EB6E273B4010004CF550 /* PizzaCartTableViewCell */,
				2299EB73273B4980004CF550 /* PizzaCartItemTableViewCell */,
			);
			path = Cells;
			sourceTree = "<group>";
		};
		22309BBB272F157800F30701 /* PizzaTableViewCell */ = {
			isa = PBXGroup;
			children = (
				22309BB7272F156F00F30701 /* PizzaTableViewCell.swift */,
				22309BB8272F156F00F30701 /* PizzaTableViewCell.xib */,
			);
			path = PizzaTableViewCell;
			sourceTree = "<group>";
		};
		22309BBD272FD78C00F30701 /* PriceCollectionViewCell */ = {
			isa = PBXGroup;
			children = (
				22309BBE272FD7BA00F30701 /* PriceCollectionViewCell.swift */,
				22309BBF272FD7BA00F30701 /* PriceCollectionViewCell.xib */,
			);
			path = PriceCollectionViewCell;
			sourceTree = "<group>";
		};
		227885032730017C000F89A6 /* DetailViewController */ = {
			isa = PBXGroup;
			children = (
				227885042730019B000F89A6 /* DetailViewController.swift */,
				227885052730019B000F89A6 /* DetailViewController.xib */,
			);
			path = DetailViewController;
			sourceTree = "<group>";
		};
		2278851027310F5D000F89A6 /* ItemTableViewCell */ = {
			isa = PBXGroup;
			children = (
				2278850C27310F56000F89A6 /* ItemTableViewCell.swift */,
				2278850D27310F56000F89A6 /* ItemTableViewCell.xib */,
			);
			path = ItemTableViewCell;
			sourceTree = "<group>";
		};
		22788516273187C0000F89A6 /* CustomViews */ = {
			isa = PBXGroup;
			children = (
				2278851F273192B2000F89A6 /* PopupViewController */,
			);
			path = CustomViews;
			sourceTree = "<group>";
		};
		2278851F273192B2000F89A6 /* PopupViewController */ = {
			isa = PBXGroup;
			children = (
				2278851B273192A8000F89A6 /* PopupViewController.swift */,
				2278851C273192A8000F89A6 /* PopupViewController.xib */,
			);
			path = PopupViewController;
			sourceTree = "<group>";
		};
		2278852227326423000F89A6 /* SummaryViewController */ = {
			isa = PBXGroup;
			children = (
				227885232732643A000F89A6 /* SummaryViewController.swift */,
				227885242732643A000F89A6 /* SummaryViewController.xib */,
			);
			path = SummaryViewController;
			sourceTree = "<group>";
		};
		2278852727326FCA000F89A6 /* SettingsViewController */ = {
			isa = PBXGroup;
			children = (
				2278852827326FE2000F89A6 /* SettingsViewController.swift */,
			);
			path = SettingsViewController;
			sourceTree = "<group>";
		};
		2299EB6E273B4010004CF550 /* PizzaCartTableViewCell */ = {
			isa = PBXGroup;
			children = (
				2299EB6A273B4009004CF550 /* PizzaCartTableViewCell.swift */,
				2299EB6B273B4009004CF550 /* PizzaCartTableViewCell.xib */,
			);
			path = PizzaCartTableViewCell;
			sourceTree = "<group>";
		};
		2299EB73273B4980004CF550 /* PizzaCartItemTableViewCell */ = {
			isa = PBXGroup;
			children = (
				2299EB6F273B4978004CF550 /* PizzaCartItemTableViewCell.swift */,
				2299EB70273B4978004CF550 /* PizzaCartItemTableViewCell.xib */,
			);
			path = PizzaCartItemTableViewCell;
			sourceTree = "<group>";
		};
		22B58B8D272ABD0B0018EFF4 = {
			isa = PBXGroup;
			children = (
				22B58B98272ABD0B0018EFF4 /* TimJeffPizza */,
				22B58BAF272ABD0F0018EFF4 /* TimJeffPizzaTests */,
				22B58BB9272ABD0F0018EFF4 /* TimJeffPizzaUITests */,
				22B58B97272ABD0B0018EFF4 /* Products */,
			);
			sourceTree = "<group>";
		};
		22B58B97272ABD0B0018EFF4 /* Products */ = {
			isa = PBXGroup;
			children = (
				22B58B96272ABD0B0018EFF4 /* TimJeffPizza.app */,
				22B58BAC272ABD0F0018EFF4 /* TimJeffPizzaTests.xctest */,
				22B58BB6272ABD0F0018EFF4 /* TimJeffPizzaUITests.xctest */,
			);
			name = Products;
			sourceTree = "<group>";
		};
		22B58B98272ABD0B0018EFF4 /* TimJeffPizza */ = {
			isa = PBXGroup;
			children = (
				22C1E993272BC01B003EE93C /* Services */,
				22B58BCE272ABD6D0018EFF4 /* Protocols */,
				22B58BCD272ABD5A0018EFF4 /* Constants */,
				22B58BCC272ABD510018EFF4 /* Extensions */,
				22B58BCB272ABD470018EFF4 /* Model */,
				22B58BC9272ABD2F0018EFF4 /* View */,
				22B58BCA272ABD3A0018EFF4 /* ViewModel */,
				22B58B99272ABD0B0018EFF4 /* AppDelegate.swift */,
				22B58B9B272ABD0B0018EFF4 /* SceneDelegate.swift */,
				22B58BA2272ABD0E0018EFF4 /* Assets.xcassets */,
				22B58BA7272ABD0E0018EFF4 /* Info.plist */,
				22DF7106273BBF6800307FC1 /* Localizable.strings */,
			);
			path = TimJeffPizza;
			sourceTree = "<group>";
		};
		22B58BAF272ABD0F0018EFF4 /* TimJeffPizzaTests */ = {
			isa = PBXGroup;
			children = (
				22B58BB0272ABD0F0018EFF4 /* TimJeffPizzaTests.swift */,
			);
			path = TimJeffPizzaTests;
			sourceTree = "<group>";
		};
		22B58BB9272ABD0F0018EFF4 /* TimJeffPizzaUITests */ = {
			isa = PBXGroup;
			children = (
				22B58BBA272ABD0F0018EFF4 /* TimJeffPizzaUITests.swift */,
				22B58BBC272ABD0F0018EFF4 /* TimJeffPizzaUITestsLaunchTests.swift */,
			);
			path = TimJeffPizzaUITests;
			sourceTree = "<group>";
		};
		22B58BC9272ABD2F0018EFF4 /* View */ = {
			isa = PBXGroup;
			children = (
				2278852727326FCA000F89A6 /* SettingsViewController */,
				2278852227326423000F89A6 /* SummaryViewController */,
				22788516273187C0000F89A6 /* CustomViews */,
				22309BB6272F151300F30701 /* Cells */,
				227885032730017C000F89A6 /* DetailViewController */,
				22C2FF4C273ACDE100154760 /* CartListViewController */,
				22B58BDA272B29590018EFF4 /* HomeViewController */,
				22B58BD5272B274B0018EFF4 /* MainTabBarController */,
				22C1E990272BB270003EE93C /* OnBoardingViewController */,
				22B58B9F272ABD0B0018EFF4 /* Main.storyboard */,
				22B58BA4272ABD0E0018EFF4 /* LaunchScreen.storyboard */,
			);
			path = View;
			sourceTree = "<group>";
		};
		22B58BCA272ABD3A0018EFF4 /* ViewModel */ = {
			isa = PBXGroup;
			children = (
				22C1E99A272BD0AB003EE93C /* AppViewModel.swift */,
			);
			path = ViewModel;
			sourceTree = "<group>";
		};
		22B58BCB272ABD470018EFF4 /* Model */ = {
			isa = PBXGroup;
			children = (
				22C2FF57273B084F00154760 /* CartPizzaQuantityList+CoreDataClass.swift */,
				22C2FF58273B084F00154760 /* CartPizzaQuantityList+CoreDataProperties.swift */,
				22C2FF59273B084F00154760 /* CartPizzaList+CoreDataClass.swift */,
				22C2FF5A273B084F00154760 /* CartPizzaList+CoreDataProperties.swift */,
				22C1E994272BC395003EE93C /* JeffPizzaListModel.swift */,
				22C1E996272BC457003EE93C /* PriceModel.swift */,
				22C2FF2B273AC1BB00154760 /* CartList.xcdatamodeld */,
				22C2FF46273AC94600154760 /* CoreDatamanager.swift */,
			);
			path = Model;
			sourceTree = "<group>";
		};
		22B58BCC272ABD510018EFF4 /* Extensions */ = {
			isa = PBXGroup;
			children = (
				22B58BD3272B25A20018EFF4 /* UIView+Extension.swift */,
				22C1E991272BBF69003EE93C /* OnBoardingViewController+Extension.swift */,
				22309BC2272FF5FB00F30701 /* NSCache+Extension.swift */,
				2278850827306D1B000F89A6 /* UIImageView+Extension.swift */,
				22DF7100273BA48F00307FC1 /* UIBarButtonItem+Extension.swift */,
			);
			path = Extensions;
			sourceTree = "<group>";
		};
		22B58BCD272ABD5A0018EFF4 /* Constants */ = {
			isa = PBXGroup;
			children = (
				2278852027325249000F89A6 /* Constants.swift */,
			);
			name = Constants;
			sourceTree = "<group>";
		};
		22B58BCE272ABD6D0018EFF4 /* Protocols */ = {
			isa = PBXGroup;
			children = (
				22C1E99C272BE150003EE93C /* NetworkServiceProtocol.swift */,
				22C1E99E272BE18B003EE93C /* ListOfPizzaProtocol.swift */,
				2278851427317C43000F89A6 /* ItemTableViewCellProtocol.swift */,
			);
			path = Protocols;
			sourceTree = "<group>";
		};
		22B58BD5272B274B0018EFF4 /* MainTabBarController */ = {
			isa = PBXGroup;
			children = (
				22B58BD6272B27970018EFF4 /* MainTabBarController.swift */,
			);
			path = MainTabBarController;
			sourceTree = "<group>";
		};
		22B58BDA272B29590018EFF4 /* HomeViewController */ = {
			isa = PBXGroup;
			children = (
				22B58BD8272B294B0018EFF4 /* HomeViewController.swift */,
			);
			path = HomeViewController;
			sourceTree = "<group>";
		};
		22C1E990272BB270003EE93C /* OnBoardingViewController */ = {
			isa = PBXGroup;
			children = (
				22B58BD1272B22F00018EFF4 /* OnBoardingViewController.swift */,
			);
			path = OnBoardingViewController;
			sourceTree = "<group>";
		};
		22C1E993272BC01B003EE93C /* Services */ = {
			isa = PBXGroup;
			children = (
				22C1E998272BCE96003EE93C /* NetworkService.swift */,
			);
			path = Services;
			sourceTree = "<group>";
		};
		22C2FF4C273ACDE100154760 /* CartListViewController */ = {
			isa = PBXGroup;
			children = (
				22C2FF48273ACDDB00154760 /* CartListViewController.swift */,
				22C2FF49273ACDDB00154760 /* CartListViewController.xib */,
			);
			path = CartListViewController;
			sourceTree = "<group>";
		};
/* End PBXGroup section */

/* Begin PBXNativeTarget section */
		22B58B95272ABD0B0018EFF4 /* TimJeffPizza */ = {
			isa = PBXNativeTarget;
			buildConfigurationList = 22B58BC0272ABD0F0018EFF4 /* Build configuration list for PBXNativeTarget "TimJeffPizza" */;
			buildPhases = (
				22B58B92272ABD0B0018EFF4 /* Sources */,
				22B58B93272ABD0B0018EFF4 /* Frameworks */,
				22B58B94272ABD0B0018EFF4 /* Resources */,
			);
			buildRules = (
			);
			dependencies = (
			);
			name = TimJeffPizza;
			productName = TimJeffPizza;
			productReference = 22B58B96272ABD0B0018EFF4 /* TimJeffPizza.app */;
			productType = "com.apple.product-type.application";
		};
		22B58BAB272ABD0F0018EFF4 /* TimJeffPizzaTests */ = {
			isa = PBXNativeTarget;
			buildConfigurationList = 22B58BC3272ABD0F0018EFF4 /* Build configuration list for PBXNativeTarget "TimJeffPizzaTests" */;
			buildPhases = (
				22B58BA8272ABD0F0018EFF4 /* Sources */,
				22B58BA9272ABD0F0018EFF4 /* Frameworks */,
				22B58BAA272ABD0F0018EFF4 /* Resources */,
			);
			buildRules = (
			);
			dependencies = (
				22B58BAE272ABD0F0018EFF4 /* PBXTargetDependency */,
			);
			name = TimJeffPizzaTests;
			productName = TimJeffPizzaTests;
			productReference = 22B58BAC272ABD0F0018EFF4 /* TimJeffPizzaTests.xctest */;
			productType = "com.apple.product-type.bundle.unit-test";
		};
		22B58BB5272ABD0F0018EFF4 /* TimJeffPizzaUITests */ = {
			isa = PBXNativeTarget;
			buildConfigurationList = 22B58BC6272ABD0F0018EFF4 /* Build configuration list for PBXNativeTarget "TimJeffPizzaUITests" */;
			buildPhases = (
				22B58BB2272ABD0F0018EFF4 /* Sources */,
				22B58BB3272ABD0F0018EFF4 /* Frameworks */,
				22B58BB4272ABD0F0018EFF4 /* Resources */,
			);
			buildRules = (
			);
			dependencies = (
				22B58BB8272ABD0F0018EFF4 /* PBXTargetDependency */,
			);
			name = TimJeffPizzaUITests;
			productName = TimJeffPizzaUITests;
			productReference = 22B58BB6272ABD0F0018EFF4 /* TimJeffPizzaUITests.xctest */;
			productType = "com.apple.product-type.bundle.ui-testing";
		};
/* End PBXNativeTarget section */

/* Begin PBXProject section */
		22B58B8E272ABD0B0018EFF4 /* Project object */ = {
			isa = PBXProject;
			attributes = {
				BuildIndependentTargetsInParallel = 1;
				LastSwiftUpdateCheck = 1300;
				LastUpgradeCheck = 1300;
				TargetAttributes = {
					22B58B95272ABD0B0018EFF4 = {
						CreatedOnToolsVersion = 13.0;
					};
					22B58BAB272ABD0F0018EFF4 = {
						CreatedOnToolsVersion = 13.0;
						TestTargetID = 22B58B95272ABD0B0018EFF4;
					};
					22B58BB5272ABD0F0018EFF4 = {
						CreatedOnToolsVersion = 13.0;
						TestTargetID = 22B58B95272ABD0B0018EFF4;
					};
				};
			};
			buildConfigurationList = 22B58B91272ABD0B0018EFF4 /* Build configuration list for PBXProject "TimJeffPizza" */;
			compatibilityVersion = "Xcode 13.0";
			developmentRegion = en;
			hasScannedForEncodings = 0;
			knownRegions = (
				en,
				Base,
				es,
			);
			mainGroup = 22B58B8D272ABD0B0018EFF4;
			productRefGroup = 22B58B97272ABD0B0018EFF4 /* Products */;
			projectDirPath = "";
			projectRoot = "";
			targets = (
				22B58B95272ABD0B0018EFF4 /* TimJeffPizza */,
				22B58BAB272ABD0F0018EFF4 /* TimJeffPizzaTests */,
				22B58BB5272ABD0F0018EFF4 /* TimJeffPizzaUITests */,
			);
		};
/* End PBXProject section */

/* Begin PBXResourcesBuildPhase section */
		22B58B94272ABD0B0018EFF4 /* Resources */ = {
			isa = PBXResourcesBuildPhase;
			buildActionMask = 2147483647;
			files = (
				22309BBA272F156F00F30701 /* PizzaTableViewCell.xib in Resources */,
				227885072730019B000F89A6 /* DetailViewController.xib in Resources */,
				22B58BA6272ABD0E0018EFF4 /* LaunchScreen.storyboard in Resources */,
				227885262732643A000F89A6 /* SummaryViewController.xib in Resources */,
				22C2FF4B273ACDDB00154760 /* CartListViewController.xib in Resources */,
				2299EB72273B4978004CF550 /* PizzaCartItemTableViewCell.xib in Resources */,
				2278851E273192A8000F89A6 /* PopupViewController.xib in Resources */,
				2299EB6D273B4009004CF550 /* PizzaCartTableViewCell.xib in Resources */,
				22B58BA3272ABD0E0018EFF4 /* Assets.xcassets in Resources */,
				22DF7104273BBF6800307FC1 /* Localizable.strings in Resources */,
				22B58BA1272ABD0B0018EFF4 /* Main.storyboard in Resources */,
				2278850F27310F56000F89A6 /* ItemTableViewCell.xib in Resources */,
				22309BC1272FD7BA00F30701 /* PriceCollectionViewCell.xib in Resources */,
			);
			runOnlyForDeploymentPostprocessing = 0;
		};
		22B58BAA272ABD0F0018EFF4 /* Resources */ = {
			isa = PBXResourcesBuildPhase;
			buildActionMask = 2147483647;
			files = (
			);
			runOnlyForDeploymentPostprocessing = 0;
		};
		22B58BB4272ABD0F0018EFF4 /* Resources */ = {
			isa = PBXResourcesBuildPhase;
			buildActionMask = 2147483647;
			files = (
			);
			runOnlyForDeploymentPostprocessing = 0;
		};
/* End PBXResourcesBuildPhase section */

/* Begin PBXSourcesBuildPhase section */
		22B58B92272ABD0B0018EFF4 /* Sources */ = {
			isa = PBXSourcesBuildPhase;
			buildActionMask = 2147483647;
			files = (
				22C1E999272BCE96003EE93C /* NetworkService.swift in Sources */,
				2278852127325249000F89A6 /* Constants.swift in Sources */,
				22C2FF2D273AC1BB00154760 /* CartList.xcdatamodeld in Sources */,
				227885062730019B000F89A6 /* DetailViewController.swift in Sources */,
				2299EB6C273B4009004CF550 /* PizzaCartTableViewCell.swift in Sources */,
				22B58B9A272ABD0B0018EFF4 /* AppDelegate.swift in Sources */,
				22C1E995272BC395003EE93C /* JeffPizzaListModel.swift in Sources */,
				22C1E997272BC457003EE93C /* PriceModel.swift in Sources */,
				22B58BD7272B27970018EFF4 /* MainTabBarController.swift in Sources */,
				22C2FF5C273B084F00154760 /* CartPizzaQuantityList+CoreDataProperties.swift in Sources */,
				22C2FF47273AC94600154760 /* CoreDatamanager.swift in Sources */,
				22C1E992272BBF69003EE93C /* OnBoardingViewController+Extension.swift in Sources */,
				22C2FF5B273B084F00154760 /* CartPizzaQuantityList+CoreDataClass.swift in Sources */,
				22309BB9272F156F00F30701 /* PizzaTableViewCell.swift in Sources */,
				22B58B9C272ABD0B0018EFF4 /* SceneDelegate.swift in Sources */,
				2278851527317C43000F89A6 /* ItemTableViewCellProtocol.swift in Sources */,
				22DF7101273BA49000307FC1 /* UIBarButtonItem+Extension.swift in Sources */,
				22C2FF5E273B084F00154760 /* CartPizzaList+CoreDataProperties.swift in Sources */,
				2299EB71273B4978004CF550 /* PizzaCartItemTableViewCell.swift in Sources */,
				22C1E99F272BE18B003EE93C /* ListOfPizzaProtocol.swift in Sources */,
				22C2FF5D273B084F00154760 /* CartPizzaList+CoreDataClass.swift in Sources */,
				22B58BD4272B25A20018EFF4 /* UIView+Extension.swift in Sources */,
				22C2FF4A273ACDDB00154760 /* CartListViewController.swift in Sources */,
				2278850E27310F56000F89A6 /* ItemTableViewCell.swift in Sources */,
				22C1E99D272BE150003EE93C /* NetworkServiceProtocol.swift in Sources */,
				2278850927306D1C000F89A6 /* UIImageView+Extension.swift in Sources */,
				22309BC0272FD7BA00F30701 /* PriceCollectionViewCell.swift in Sources */,
				22C1E99B272BD0AB003EE93C /* AppViewModel.swift in Sources */,
				22B58BD9272B294B0018EFF4 /* HomeViewController.swift in Sources */,
				22B58BD2272B22F00018EFF4 /* OnBoardingViewController.swift in Sources */,
				227885252732643A000F89A6 /* SummaryViewController.swift in Sources */,
				22309BC3272FF5FB00F30701 /* NSCache+Extension.swift in Sources */,
				2278851D273192A8000F89A6 /* PopupViewController.swift in Sources */,
				2278852927326FE2000F89A6 /* SettingsViewController.swift in Sources */,
			);
			runOnlyForDeploymentPostprocessing = 0;
		};
		22B58BA8272ABD0F0018EFF4 /* Sources */ = {
			isa = PBXSourcesBuildPhase;
			buildActionMask = 2147483647;
			files = (
				22B58BB1272ABD0F0018EFF4 /* TimJeffPizzaTests.swift in Sources */,
			);
			runOnlyForDeploymentPostprocessing = 0;
		};
		22B58BB2272ABD0F0018EFF4 /* Sources */ = {
			isa = PBXSourcesBuildPhase;
			buildActionMask = 2147483647;
			files = (
				22B58BBB272ABD0F0018EFF4 /* TimJeffPizzaUITests.swift in Sources */,
				22B58BBD272ABD0F0018EFF4 /* TimJeffPizzaUITestsLaunchTests.swift in Sources */,
			);
			runOnlyForDeploymentPostprocessing = 0;
		};
/* End PBXSourcesBuildPhase section */

/* Begin PBXTargetDependency section */
		22B58BAE272ABD0F0018EFF4 /* PBXTargetDependency */ = {
			isa = PBXTargetDependency;
			target = 22B58B95272ABD0B0018EFF4 /* TimJeffPizza */;
			targetProxy = 22B58BAD272ABD0F0018EFF4 /* PBXContainerItemProxy */;
		};
		22B58BB8272ABD0F0018EFF4 /* PBXTargetDependency */ = {
			isa = PBXTargetDependency;
			target = 22B58B95272ABD0B0018EFF4 /* TimJeffPizza */;
			targetProxy = 22B58BB7272ABD0F0018EFF4 /* PBXContainerItemProxy */;
		};
/* End PBXTargetDependency section */

/* Begin PBXVariantGroup section */
		22B58B9F272ABD0B0018EFF4 /* Main.storyboard */ = {
			isa = PBXVariantGroup;
			children = (
				22B58BA0272ABD0B0018EFF4 /* Base */,
				22DF7107273BBFC300307FC1 /* es */,
			);
			name = Main.storyboard;
			sourceTree = "<group>";
		};
		22B58BA4272ABD0E0018EFF4 /* LaunchScreen.storyboard */ = {
			isa = PBXVariantGroup;
			children = (
				22B58BA5272ABD0E0018EFF4 /* Base */,
				22DF7108273BBFC300307FC1 /* es */,
			);
			name = LaunchScreen.storyboard;
			sourceTree = "<group>";
		};
		22DF7106273BBF6800307FC1 /* Localizable.strings */ = {
			isa = PBXVariantGroup;
			children = (
				22DF7105273BBF6800307FC1 /* en */,
				22DF7109273BBFC300307FC1 /* es */,
			);
			name = Localizable.strings;
			sourceTree = "<group>";
		};
/* End PBXVariantGroup section */

/* Begin XCBuildConfiguration section */
		22B58BBE272ABD0F0018EFF4 /* Debug */ = {
			isa = XCBuildConfiguration;
			buildSettings = {
				ALWAYS_SEARCH_USER_PATHS = NO;
				CLANG_ANALYZER_LOCALIZABILITY_NONLOCALIZED = YES;
				CLANG_ANALYZER_NONNULL = YES;
				CLANG_ANALYZER_NUMBER_OBJECT_CONVERSION = YES_AGGRESSIVE;
				CLANG_CXX_LANGUAGE_STANDARD = "gnu++17";
				CLANG_CXX_LIBRARY = "libc++";
				CLANG_ENABLE_MODULES = YES;
				CLANG_ENABLE_OBJC_ARC = YES;
				CLANG_ENABLE_OBJC_WEAK = YES;
				CLANG_WARN_BLOCK_CAPTURE_AUTORELEASING = YES;
				CLANG_WARN_BOOL_CONVERSION = YES;
				CLANG_WARN_COMMA = YES;
				CLANG_WARN_CONSTANT_CONVERSION = YES;
				CLANG_WARN_DEPRECATED_OBJC_IMPLEMENTATIONS = YES;
				CLANG_WARN_DIRECT_OBJC_ISA_USAGE = YES_ERROR;
				CLANG_WARN_DOCUMENTATION_COMMENTS = YES;
				CLANG_WARN_EMPTY_BODY = YES;
				CLANG_WARN_ENUM_CONVERSION = YES;
				CLANG_WARN_INFINITE_RECURSION = YES;
				CLANG_WARN_INT_CONVERSION = YES;
				CLANG_WARN_NON_LITERAL_NULL_CONVERSION = YES;
				CLANG_WARN_OBJC_IMPLICIT_RETAIN_SELF = YES;
				CLANG_WARN_OBJC_LITERAL_CONVERSION = YES;
				CLANG_WARN_OBJC_ROOT_CLASS = YES_ERROR;
				CLANG_WARN_QUOTED_INCLUDE_IN_FRAMEWORK_HEADER = YES;
				CLANG_WARN_RANGE_LOOP_ANALYSIS = YES;
				CLANG_WARN_STRICT_PROTOTYPES = YES;
				CLANG_WARN_SUSPICIOUS_MOVE = YES;
				CLANG_WARN_UNGUARDED_AVAILABILITY = YES_AGGRESSIVE;
				CLANG_WARN_UNREACHABLE_CODE = YES;
				CLANG_WARN__DUPLICATE_METHOD_MATCH = YES;
				COPY_PHASE_STRIP = NO;
				DEBUG_INFORMATION_FORMAT = dwarf;
				ENABLE_STRICT_OBJC_MSGSEND = YES;
				ENABLE_TESTABILITY = YES;
				GCC_C_LANGUAGE_STANDARD = gnu11;
				GCC_DYNAMIC_NO_PIC = NO;
				GCC_NO_COMMON_BLOCKS = YES;
				GCC_OPTIMIZATION_LEVEL = 0;
				GCC_PREPROCESSOR_DEFINITIONS = (
					"DEBUG=1",
					"$(inherited)",
				);
				GCC_WARN_64_TO_32_BIT_CONVERSION = YES;
				GCC_WARN_ABOUT_RETURN_TYPE = YES_ERROR;
				GCC_WARN_UNDECLARED_SELECTOR = YES;
				GCC_WARN_UNINITIALIZED_AUTOS = YES_AGGRESSIVE;
				GCC_WARN_UNUSED_FUNCTION = YES;
				GCC_WARN_UNUSED_VARIABLE = YES;
				IPHONEOS_DEPLOYMENT_TARGET = 15.0;
				MTL_ENABLE_DEBUG_INFO = INCLUDE_SOURCE;
				MTL_FAST_MATH = YES;
				ONLY_ACTIVE_ARCH = YES;
				SDKROOT = iphoneos;
				SWIFT_ACTIVE_COMPILATION_CONDITIONS = DEBUG;
				SWIFT_OPTIMIZATION_LEVEL = "-Onone";
			};
			name = Debug;
		};
		22B58BBF272ABD0F0018EFF4 /* Release */ = {
			isa = XCBuildConfiguration;
			buildSettings = {
				ALWAYS_SEARCH_USER_PATHS = NO;
				CLANG_ANALYZER_LOCALIZABILITY_NONLOCALIZED = YES;
				CLANG_ANALYZER_NONNULL = YES;
				CLANG_ANALYZER_NUMBER_OBJECT_CONVERSION = YES_AGGRESSIVE;
				CLANG_CXX_LANGUAGE_STANDARD = "gnu++17";
				CLANG_CXX_LIBRARY = "libc++";
				CLANG_ENABLE_MODULES = YES;
				CLANG_ENABLE_OBJC_ARC = YES;
				CLANG_ENABLE_OBJC_WEAK = YES;
				CLANG_WARN_BLOCK_CAPTURE_AUTORELEASING = YES;
				CLANG_WARN_BOOL_CONVERSION = YES;
				CLANG_WARN_COMMA = YES;
				CLANG_WARN_CONSTANT_CONVERSION = YES;
				CLANG_WARN_DEPRECATED_OBJC_IMPLEMENTATIONS = YES;
				CLANG_WARN_DIRECT_OBJC_ISA_USAGE = YES_ERROR;
				CLANG_WARN_DOCUMENTATION_COMMENTS = YES;
				CLANG_WARN_EMPTY_BODY = YES;
				CLANG_WARN_ENUM_CONVERSION = YES;
				CLANG_WARN_INFINITE_RECURSION = YES;
				CLANG_WARN_INT_CONVERSION = YES;
				CLANG_WARN_NON_LITERAL_NULL_CONVERSION = YES;
				CLANG_WARN_OBJC_IMPLICIT_RETAIN_SELF = YES;
				CLANG_WARN_OBJC_LITERAL_CONVERSION = YES;
				CLANG_WARN_OBJC_ROOT_CLASS = YES_ERROR;
				CLANG_WARN_QUOTED_INCLUDE_IN_FRAMEWORK_HEADER = YES;
				CLANG_WARN_RANGE_LOOP_ANALYSIS = YES;
				CLANG_WARN_STRICT_PROTOTYPES = YES;
				CLANG_WARN_SUSPICIOUS_MOVE = YES;
				CLANG_WARN_UNGUARDED_AVAILABILITY = YES_AGGRESSIVE;
				CLANG_WARN_UNREACHABLE_CODE = YES;
				CLANG_WARN__DUPLICATE_METHOD_MATCH = YES;
				COPY_PHASE_STRIP = NO;
				DEBUG_INFORMATION_FORMAT = "dwarf-with-dsym";
				ENABLE_NS_ASSERTIONS = NO;
				ENABLE_STRICT_OBJC_MSGSEND = YES;
				GCC_C_LANGUAGE_STANDARD = gnu11;
				GCC_NO_COMMON_BLOCKS = YES;
				GCC_WARN_64_TO_32_BIT_CONVERSION = YES;
				GCC_WARN_ABOUT_RETURN_TYPE = YES_ERROR;
				GCC_WARN_UNDECLARED_SELECTOR = YES;
				GCC_WARN_UNINITIALIZED_AUTOS = YES_AGGRESSIVE;
				GCC_WARN_UNUSED_FUNCTION = YES;
				GCC_WARN_UNUSED_VARIABLE = YES;
				IPHONEOS_DEPLOYMENT_TARGET = 15.0;
				MTL_ENABLE_DEBUG_INFO = NO;
				MTL_FAST_MATH = YES;
				SDKROOT = iphoneos;
				SWIFT_COMPILATION_MODE = wholemodule;
				SWIFT_OPTIMIZATION_LEVEL = "-O";
				VALIDATE_PRODUCT = YES;
			};
			name = Release;
		};
		22B58BC1272ABD0F0018EFF4 /* Debug */ = {
			isa = XCBuildConfiguration;
			buildSettings = {
				ASSETCATALOG_COMPILER_APPICON_NAME = AppIcon;
				ASSETCATALOG_COMPILER_GLOBAL_ACCENT_COLOR_NAME = AccentColor;
				CODE_SIGN_STYLE = Automatic;
				CURRENT_PROJECT_VERSION = 1;
				DEVELOPMENT_TEAM = ZB7W8B73A3;
				GENERATE_INFOPLIST_FILE = YES;
				INFOPLIST_FILE = TimJeffPizza/Info.plist;
				INFOPLIST_KEY_UIApplicationSupportsIndirectInputEvents = YES;
				INFOPLIST_KEY_UILaunchStoryboardName = LaunchScreen;
				INFOPLIST_KEY_UIMainStoryboardFile = Main;
				INFOPLIST_KEY_UISupportedInterfaceOrientations = UIInterfaceOrientationPortrait;
				INFOPLIST_KEY_UISupportedInterfaceOrientations_iPad = "UIInterfaceOrientationPortrait UIInterfaceOrientationPortraitUpsideDown UIInterfaceOrientationLandscapeLeft UIInterfaceOrientationLandscapeRight";
				INFOPLIST_KEY_UISupportedInterfaceOrientations_iPhone = "UIInterfaceOrientationPortrait UIInterfaceOrientationLandscapeLeft UIInterfaceOrientationLandscapeRight";
				LD_RUNPATH_SEARCH_PATHS = (
					"$(inherited)",
					"@executable_path/Frameworks",
				);
				MARKETING_VERSION = 1.0;
				PRODUCT_BUNDLE_IDENTIFIER = hellowsw.com.TimJeffPizza;
				PRODUCT_NAME = "$(TARGET_NAME)";
				SWIFT_EMIT_LOC_STRINGS = YES;
				SWIFT_VERSION = 5.0;
				TARGETED_DEVICE_FAMILY = "1,2";
			};
			name = Debug;
		};
		22B58BC2272ABD0F0018EFF4 /* Release */ = {
			isa = XCBuildConfiguration;
			buildSettings = {
				ASSETCATALOG_COMPILER_APPICON_NAME = AppIcon;
				ASSETCATALOG_COMPILER_GLOBAL_ACCENT_COLOR_NAME = AccentColor;
				CODE_SIGN_STYLE = Automatic;
				CURRENT_PROJECT_VERSION = 1;
				DEVELOPMENT_TEAM = ZB7W8B73A3;
				GENERATE_INFOPLIST_FILE = YES;
				INFOPLIST_FILE = TimJeffPizza/Info.plist;
				INFOPLIST_KEY_UIApplicationSupportsIndirectInputEvents = YES;
				INFOPLIST_KEY_UILaunchStoryboardName = LaunchScreen;
				INFOPLIST_KEY_UIMainStoryboardFile = Main;
				INFOPLIST_KEY_UISupportedInterfaceOrientations = UIInterfaceOrientationPortrait;
				INFOPLIST_KEY_UISupportedInterfaceOrientations_iPad = "UIInterfaceOrientationPortrait UIInterfaceOrientationPortraitUpsideDown UIInterfaceOrientationLandscapeLeft UIInterfaceOrientationLandscapeRight";
				INFOPLIST_KEY_UISupportedInterfaceOrientations_iPhone = "UIInterfaceOrientationPortrait UIInterfaceOrientationLandscapeLeft UIInterfaceOrientationLandscapeRight";
				LD_RUNPATH_SEARCH_PATHS = (
					"$(inherited)",
					"@executable_path/Frameworks",
				);
				MARKETING_VERSION = 1.0;
				PRODUCT_BUNDLE_IDENTIFIER = hellowsw.com.TimJeffPizza;
				PRODUCT_NAME = "$(TARGET_NAME)";
				SWIFT_EMIT_LOC_STRINGS = YES;
				SWIFT_VERSION = 5.0;
				TARGETED_DEVICE_FAMILY = "1,2";
			};
			name = Release;
		};
		22B58BC4272ABD0F0018EFF4 /* Debug */ = {
			isa = XCBuildConfiguration;
			buildSettings = {
				ALWAYS_EMBED_SWIFT_STANDARD_LIBRARIES = YES;
				BUNDLE_LOADER = "$(TEST_HOST)";
				CODE_SIGN_STYLE = Automatic;
				CURRENT_PROJECT_VERSION = 1;
				DEVELOPMENT_TEAM = ZB7W8B73A3;
				GENERATE_INFOPLIST_FILE = YES;
				IPHONEOS_DEPLOYMENT_TARGET = 15.0;
				LD_RUNPATH_SEARCH_PATHS = (
					"$(inherited)",
					"@executable_path/Frameworks",
					"@loader_path/Frameworks",
				);
				MARKETING_VERSION = 1.0;
				PRODUCT_BUNDLE_IDENTIFIER = hellowsw.com.TimJeffPizzaTests;
				PRODUCT_NAME = "$(TARGET_NAME)";
				SWIFT_EMIT_LOC_STRINGS = NO;
				SWIFT_VERSION = 5.0;
				TARGETED_DEVICE_FAMILY = "1,2";
				TEST_HOST = "$(BUILT_PRODUCTS_DIR)/TimJeffPizza.app/TimJeffPizza";
			};
			name = Debug;
		};
		22B58BC5272ABD0F0018EFF4 /* Release */ = {
			isa = XCBuildConfiguration;
			buildSettings = {
				ALWAYS_EMBED_SWIFT_STANDARD_LIBRARIES = YES;
				BUNDLE_LOADER = "$(TEST_HOST)";
				CODE_SIGN_STYLE = Automatic;
				CURRENT_PROJECT_VERSION = 1;
				DEVELOPMENT_TEAM = ZB7W8B73A3;
				GENERATE_INFOPLIST_FILE = YES;
				IPHONEOS_DEPLOYMENT_TARGET = 15.0;
				LD_RUNPATH_SEARCH_PATHS = (
					"$(inherited)",
					"@executable_path/Frameworks",
					"@loader_path/Frameworks",
				);
				MARKETING_VERSION = 1.0;
				PRODUCT_BUNDLE_IDENTIFIER = hellowsw.com.TimJeffPizzaTests;
				PRODUCT_NAME = "$(TARGET_NAME)";
				SWIFT_EMIT_LOC_STRINGS = NO;
				SWIFT_VERSION = 5.0;
				TARGETED_DEVICE_FAMILY = "1,2";
				TEST_HOST = "$(BUILT_PRODUCTS_DIR)/TimJeffPizza.app/TimJeffPizza";
			};
			name = Release;
		};
		22B58BC7272ABD0F0018EFF4 /* Debug */ = {
			isa = XCBuildConfiguration;
			buildSettings = {
				ALWAYS_EMBED_SWIFT_STANDARD_LIBRARIES = YES;
				CODE_SIGN_STYLE = Automatic;
				CURRENT_PROJECT_VERSION = 1;
				DEVELOPMENT_TEAM = ZB7W8B73A3;
				GENERATE_INFOPLIST_FILE = YES;
				LD_RUNPATH_SEARCH_PATHS = (
					"$(inherited)",
					"@executable_path/Frameworks",
					"@loader_path/Frameworks",
				);
				MARKETING_VERSION = 1.0;
				PRODUCT_BUNDLE_IDENTIFIER = hellowsw.com.TimJeffPizzaUITests;
				PRODUCT_NAME = "$(TARGET_NAME)";
				SWIFT_EMIT_LOC_STRINGS = NO;
				SWIFT_VERSION = 5.0;
				TARGETED_DEVICE_FAMILY = "1,2";
				TEST_TARGET_NAME = TimJeffPizza;
			};
			name = Debug;
		};
		22B58BC8272ABD0F0018EFF4 /* Release */ = {
			isa = XCBuildConfiguration;
			buildSettings = {
				ALWAYS_EMBED_SWIFT_STANDARD_LIBRARIES = YES;
				CODE_SIGN_STYLE = Automatic;
				CURRENT_PROJECT_VERSION = 1;
				DEVELOPMENT_TEAM = ZB7W8B73A3;
				GENERATE_INFOPLIST_FILE = YES;
				LD_RUNPATH_SEARCH_PATHS = (
					"$(inherited)",
					"@executable_path/Frameworks",
					"@loader_path/Frameworks",
				);
				MARKETING_VERSION = 1.0;
				PRODUCT_BUNDLE_IDENTIFIER = hellowsw.com.TimJeffPizzaUITests;
				PRODUCT_NAME = "$(TARGET_NAME)";
				SWIFT_EMIT_LOC_STRINGS = NO;
				SWIFT_VERSION = 5.0;
				TARGETED_DEVICE_FAMILY = "1,2";
				TEST_TARGET_NAME = TimJeffPizza;
			};
			name = Release;
		};
/* End XCBuildConfiguration section */

/* Begin XCConfigurationList section */
		22B58B91272ABD0B0018EFF4 /* Build configuration list for PBXProject "TimJeffPizza" */ = {
			isa = XCConfigurationList;
			buildConfigurations = (
				22B58BBE272ABD0F0018EFF4 /* Debug */,
				22B58BBF272ABD0F0018EFF4 /* Release */,
			);
			defaultConfigurationIsVisible = 0;
			defaultConfigurationName = Release;
		};
		22B58BC0272ABD0F0018EFF4 /* Build configuration list for PBXNativeTarget "TimJeffPizza" */ = {
			isa = XCConfigurationList;
			buildConfigurations = (
				22B58BC1272ABD0F0018EFF4 /* Debug */,
				22B58BC2272ABD0F0018EFF4 /* Release */,
			);
			defaultConfigurationIsVisible = 0;
			defaultConfigurationName = Release;
		};
		22B58BC3272ABD0F0018EFF4 /* Build configuration list for PBXNativeTarget "TimJeffPizzaTests" */ = {
			isa = XCConfigurationList;
			buildConfigurations = (
				22B58BC4272ABD0F0018EFF4 /* Debug */,
				22B58BC5272ABD0F0018EFF4 /* Release */,
			);
			defaultConfigurationIsVisible = 0;
			defaultConfigurationName = Release;
		};
		22B58BC6272ABD0F0018EFF4 /* Build configuration list for PBXNativeTarget "TimJeffPizzaUITests" */ = {
			isa = XCConfigurationList;
			buildConfigurations = (
				22B58BC7272ABD0F0018EFF4 /* Debug */,
				22B58BC8272ABD0F0018EFF4 /* Release */,
			);
			defaultConfigurationIsVisible = 0;
			defaultConfigurationName = Release;
		};
/* End XCConfigurationList section */

/* Begin XCVersionGroup section */
		22C2FF2B273AC1BB00154760 /* CartList.xcdatamodeld */ = {
			isa = XCVersionGroup;
			children = (
				22C2FF2C273AC1BB00154760 /* CartList.xcdatamodel */,
			);
			currentVersion = 22C2FF2C273AC1BB00154760 /* CartList.xcdatamodel */;
			path = CartList.xcdatamodeld;
			sourceTree = "<group>";
			versionGroupType = wrapper.xcdatamodel;
		};
/* End XCVersionGroup section */
	};
	rootObject = 22B58B8E272ABD0B0018EFF4 /* Project object */;
}
